
Microsoft Visual Studio Solution File, Format Version 12.00
# Visual Studio 14
VisualStudioVersion = 14.0.24720.0
MinimumVisualStudioVersion = 10.0.40219.1
Project("{FAE04EC0-301F-11D3-BF4B-00C04F79EFBC}") = "ChaosMonkey.Guards", "ChaosMonkey.Guards\ChaosMonkey.Guards.csproj", "{37CC05AD-FDFF-4F04-8491-2997D225671D}"
EndProject
Project("{FAE04EC0-301F-11D3-BF4B-00C04F79EFBC}") = "ChaosMonkey.Guards.Tests", "ChaosMonkey.Guards.Tests\ChaosMonkey.Guards.Tests.csproj", "{3F1A177C-34A7-4220-A1AF-D70C5E6957F4}"
EndProject
Project("{2150E333-8FDC-42A3-9474-1A3956D46DE8}") = "Build Files", "Build Files", "{77D05625-43E8-407F-8B92-AD69E327515F}"
	ProjectSection(SolutionItems) = preProject
		..\.gitignore = ..\.gitignore
		..\appveyor.yml = ..\appveyor.yml
		ChaosMonkey.Guards.nuspec = ChaosMonkey.Guards.nuspec
		..\version-package.ps1 = ..\version-package.ps1
	EndProjectSection
EndProject
Project("{2150E333-8FDC-42A3-9474-1A3956D46DE8}") = "Documentation", "Documentation", "{FDA3C4BB-EB65-4DEB-9921-48636414FE75}"
	ProjectSection(SolutionItems) = preProject
		..\License.txt = ..\License.txt
		..\ReadMe.md = ..\ReadMe.md
	EndProjectSection
EndProject
Global
	GlobalSection(SolutionConfigurationPlatforms) = preSolution
		Debug|Any CPU = Debug|Any CPU
		Release|Any CPU = Release|Any CPU
	EndGlobalSection
	GlobalSection(ProjectConfigurationPlatforms) = postSolution
		{37CC05AD-FDFF-4F04-8491-2997D225671D}.Debug|Any CPU.ActiveCfg = Debug|Any CPU
		{37CC05AD-FDFF-4F04-8491-2997D225671D}.Debug|Any CPU.Build.0 = Debug|Any CPU
		{37CC05AD-FDFF-4F04-8491-2997D225671D}.Release|Any CPU.ActiveCfg = Release|Any CPU
		{37CC05AD-FDFF-4F04-8491-2997D225671D}.Release|Any CPU.Build.0 = Release|Any CPU
		{3F1A177C-34A7-4220-A1AF-D70C5E6957F4}.Debug|Any CPU.ActiveCfg = Debug|Any CPU
		{3F1A177C-34A7-4220-A1AF-D70C5E6957F4}.Debug|Any CPU.Build.0 = Debug|Any CPU
		{3F1A177C-34A7-4220-A1AF-D70C5E6957F4}.Release|Any CPU.ActiveCfg = Release|Any CPU
		{3F1A177C-34A7-4220-A1AF-D70C5E6957F4}.Release|Any CPU.Build.0 = Release|Any CPU
	EndGlobalSection
	GlobalSection(SolutionProperties) = preSolution
		HideSolutionNode = FALSE
	EndGlobalSection
EndGlobal
